Microsoft Visual Studio Solution File, Format Version 12.00
# Visual Studio Version 17
VisualStudioVersion = 17.5.2.0
MinimumVisualStudioVersion = 10.0.40219.1
Project("{2150E333-8FDC-42A3-9474-1A3956D46DE8}") = "code", "code", "{314C6247-30EA-3492-19B6-DF847E3B326F}"
EndProject
Project("{2150E333-8FDC-42A3-9474-1A3956D46DE8}") = "brokerage-cs", "brokerage-cs", "{C76895FB-CB7E-4C1A-9BEB-83DB58465013}"
EndProject
Project("{FAE04EC0-301F-11D3-BF4B-00C04F79EFBC}") = "BrokerageLib", "code\brokerage-cs\BrokerageLib.csproj", "{4064C3F1-4442-0A04-EB4D-3AA6B5B31E2F}"
EndProject
Global
	GlobalSection(SolutionConfigurationPlatforms) = preSolution
		Debug|Any CPU = Debug|Any CPU
		Release|Any CPU = Release|Any CPU
	EndGlobalSection
	GlobalSection(ProjectConfigurationPlatforms) = postSolution
		{4064C3F1-4442-0A04-EB4D-3AA6B5B31E2F}.Debug|Any CPU.ActiveCfg = Debug|Any CPU
		{4064C3F1-4442-0A04-EB4D-3AA6B5B31E2F}.Debug|Any CPU.Build.0 = Debug|Any CPU
		{4064C3F1-4442-0A04-EB4D-3AA6B5B31E2F}.Release|Any CPU.ActiveCfg = Release|Any CPU
		{4064C3F1-4442-0A04-EB4D-3AA6B5B31E2F}.Release|Any CPU.Build.0 = Release|Any CPU
	EndGlobalSection
	GlobalSection(SolutionProperties) = preSolution
		HideSolutionNode = FALSE
	EndGlobalSection
	GlobalSection(NestedProjects) = preSolution
		{C76895FB-CB7E-4C1A-9BEB-83DB58465013} = {314C6247-30EA-3492-19B6-DF847E3B326F}
		{4064C3F1-4442-0A04-EB4D-3AA6B5B31E2F} = {C76895FB-CB7E-4C1A-9BEB-83DB58465013}
	EndGlobalSection
	GlobalSection(ExtensibilityGlobals) = postSolution
		SolutionGuid = {CCF56F60-C98F-488B-BA4D-F91DE6B6F0AE}
	EndGlobalSection
EndGlobal
